
Microsoft Visual Studio Solution File, Format Version 12.00
# Visual Studio Version 17
VisualStudioVersion = 17.13.35931.197 d17.13
MinimumVisualStudioVersion = 10.0.40219.1
Project("{FAE04EC0-301F-11D3-BF4B-00C04F79EFBC}") = "EasySave", "EasySave\EasySave.csproj", "{774F44F9-9CD4-4320-A948-7E60A5E78007}"
EndProject
Project("{FAE04EC0-301F-11D3-BF4B-00C04F79EFBC}") = "EasySave.Logging", "EasySave.Logging\EasySave.Logging.csproj", "{D0474D71-38CE-4166-9883-090D71E81FAC}"
EndProject
Global
	GlobalSection(SolutionConfigurationPlatforms) = preSolution
		Debug|Any CPU = Debug|Any CPU
		Release|Any CPU = Release|Any CPU
	EndGlobalSection
	GlobalSection(ProjectConfigurationPlatforms) = postSolution
		{774F44F9-9CD4-4320-A948-7E60A5E78007}.Debug|Any CPU.ActiveCfg = Debug|Any CPU
		{774F44F9-9CD4-4320-A948-7E60A5E78007}.Debug|Any CPU.Build.0 = Debug|Any CPU
		{774F44F9-9CD4-4320-A948-7E60A5E78007}.Release|Any CPU.ActiveCfg = Release|Any CPU
		{774F44F9-9CD4-4320-A948-7E60A5E78007}.Release|Any CPU.Build.0 = Release|Any CPU
		{D0474D71-38CE-4166-9883-090D71E81FAC}.Debug|Any CPU.ActiveCfg = Debug|Any CPU
		{D0474D71-38CE-4166-9883-090D71E81FAC}.Debug|Any CPU.Build.0 = Debug|Any CPU
		{D0474D71-38CE-4166-9883-090D71E81FAC}.Release|Any CPU.ActiveCfg = Release|Any CPU
		{D0474D71-38CE-4166-9883-090D71E81FAC}.Release|Any CPU.Build.0 = Release|Any CPU
	EndGlobalSection
	GlobalSection(SolutionProperties) = preSolution
		HideSolutionNode = FALSE
	EndGlobalSection
	GlobalSection(ExtensibilityGlobals) = postSolution
		SolutionGuid = {1C01D897-C20C-46C3-A5D4-E5B129A491BA}
	EndGlobalSection
EndGlobal
